
Microsoft Visual Studio Solution File, Format Version 12.00
# Visual Studio Version 16
VisualStudioVersion = 16.0.30907.101
MinimumVisualStudioVersion = 10.0.40219.1
Project("{FAE04EC0-301F-11D3-BF4B-00C04F79EFBC}") = "Generic", "Generic\Generic.csproj", "{61088CAA-D278-42BF-9850-4ABD70EB772A}"
EndProject
Project("{2150E333-8FDC-42A3-9474-1A3956D46DE8}") = "SolutionItems", "SolutionItems", "{16C0AB2F-D424-43FE-8274-8544F8CC8003}"
	ProjectSection(SolutionItems) = preProject
		settings.ruleset = settings.ruleset
		stylecop.json = stylecop.json
	EndProjectSection
EndProject
Global
	GlobalSection(SolutionConfigurationPlatforms) = preSolution
		Debug|Any CPU = Debug|Any CPU
		Release|Any CPU = Release|Any CPU
	EndGlobalSection
	GlobalSection(ProjectConfigurationPlatforms) = postSolution
		{61088CAA-D278-42BF-9850-4ABD70EB772A}.Debug|Any CPU.ActiveCfg = Debug|Any CPU
		{61088CAA-D278-42BF-9850-4ABD70EB772A}.Debug|Any CPU.Build.0 = Debug|Any CPU
		{61088CAA-D278-42BF-9850-4ABD70EB772A}.Release|Any CPU.ActiveCfg = Release|Any CPU
		{61088CAA-D278-42BF-9850-4ABD70EB772A}.Release|Any CPU.Build.0 = Release|Any CPU
	EndGlobalSection
	GlobalSection(SolutionProperties) = preSolution
		HideSolutionNode = FALSE
	EndGlobalSection
	GlobalSection(ExtensibilityGlobals) = postSolution
		SolutionGuid = {C720F965-0210-4252-91D1-4117C524A59D}
	EndGlobalSection
EndGlobal
